
Microsoft Visual Studio Solution File, Format Version 12.00
# Visual Studio Version 16
VisualStudioVersion = 16.0.30711.63
MinimumVisualStudioVersion = 10.0.40219.1
Project("{FAE04EC0-301F-11D3-BF4B-00C04F79EFBC}") = "CollectionsDemo", "CollectionsDemo.csproj", "{E4826B47-DC2F-41B0-93AC-15A1CA6DF6E4}"
EndProject
Global
	GlobalSection(SolutionConfigurationPlatforms) = preSolution
		Debug|Any CPU = Debug|Any CPU
		Release|Any CPU = Release|Any CPU
	EndGlobalSection
	GlobalSection(ProjectConfigurationPlatforms) = postSolution
		{E4826B47-DC2F-41B0-93AC-15A1CA6DF6E4}.Debug|Any CPU.ActiveCfg = Debug|Any CPU
		{E4826B47-DC2F-41B0-93AC-15A1CA6DF6E4}.Debug|Any CPU.Build.0 = Debug|Any CPU
		{E4826B47-DC2F-41B0-93AC-15A1CA6DF6E4}.Release|Any CPU.ActiveCfg = Release|Any CPU
		{E4826B47-DC2F-41B0-93AC-15A1CA6DF6E4}.Release|Any CPU.Build.0 = Release|Any CPU
	EndGlobalSection
	GlobalSection(SolutionProperties) = preSolution
		HideSolutionNode = FALSE
	EndGlobalSection
	GlobalSection(ExtensibilityGlobals) = postSolution
		SolutionGuid = {04AF479E-79AB-462F-9D00-50BBAFA92852}
	EndGlobalSection
EndGlobal
