
Microsoft Visual Studio Solution File, Format Version 12.00
# Visual Studio Version 16
VisualStudioVersion = 16.0.30711.63
MinimumVisualStudioVersion = 10.0.40219.1
Project("{FAE04EC0-301F-11D3-BF4B-00C04F79EFBC}") = "HRApp", "HRApp.csproj", "{43AF45E5-9DC9-4B13-8A53-7278F4AD8119}"
EndProject
Project("{FAE04EC0-301F-11D3-BF4B-00C04F79EFBC}") = "HRLib", "..\HRLib\HRLib.csproj", "{4BB4F6D5-BD27-4A73-97B2-B92EF615907B}"
EndProject
Global
	GlobalSection(SolutionConfigurationPlatforms) = preSolution
		Debug|Any CPU = Debug|Any CPU
		Release|Any CPU = Release|Any CPU
	EndGlobalSection
	GlobalSection(ProjectConfigurationPlatforms) = postSolution
		{43AF45E5-9DC9-4B13-8A53-7278F4AD8119}.Debug|Any CPU.ActiveCfg = Debug|Any CPU
		{43AF45E5-9DC9-4B13-8A53-7278F4AD8119}.Debug|Any CPU.Build.0 = Debug|Any CPU
		{43AF45E5-9DC9-4B13-8A53-7278F4AD8119}.Release|Any CPU.ActiveCfg = Release|Any CPU
		{43AF45E5-9DC9-4B13-8A53-7278F4AD8119}.Release|Any CPU.Build.0 = Release|Any CPU
		{4BB4F6D5-BD27-4A73-97B2-B92EF615907B}.Debug|Any CPU.ActiveCfg = Debug|Any CPU
		{4BB4F6D5-BD27-4A73-97B2-B92EF615907B}.Debug|Any CPU.Build.0 = Debug|Any CPU
		{4BB4F6D5-BD27-4A73-97B2-B92EF615907B}.Release|Any CPU.ActiveCfg = Release|Any CPU
		{4BB4F6D5-BD27-4A73-97B2-B92EF615907B}.Release|Any CPU.Build.0 = Release|Any CPU
	EndGlobalSection
	GlobalSection(SolutionProperties) = preSolution
		HideSolutionNode = FALSE
	EndGlobalSection
	GlobalSection(ExtensibilityGlobals) = postSolution
		SolutionGuid = {AA843889-54B5-4F1B-9714-1F0CA2ED4C7E}
	EndGlobalSection
EndGlobal
